
Microsoft Visual Studio Solution File, Format Version 12.00
# Visual Studio Version 17
VisualStudioVersion = 17.0.31903.59
MinimumVisualStudioVersion = 10.0.40219.1
Project("{2150E333-8FDC-42A3-9474-1A3956D46DE8}") = "src", "src", "{827E0CD3-B72D-47B6-A68D-7590B98EB39B}"
EndProject
Project("{FAE04EC0-301F-11D3-BF4B-00C04F79EFBC}") = "LightBooksAgent.Core", "src\LightBooksAgent.Core\LightBooksAgent.Core.csproj", "{F68FDE75-5CC2-42DF-9EAD-5E8E7CDE10F7}"
EndProject
Project("{FAE04EC0-301F-11D3-BF4B-00C04F79EFBC}") = "LightBooksAgent.Application", "src\LightBooksAgent.Application\LightBooksAgent.Application.csproj", "{C4564957-9661-49A2-9CBD-8CCCCAD20280}"
EndProject
Project("{FAE04EC0-301F-11D3-BF4B-00C04F79EFBC}") = "LightBooksAgent.Agents", "src\LightBooksAgent.Agents\LightBooksAgent.Agents.csproj", "{35FB6A44-E2EB-4E5A-A8E3-2AB3E27CDD44}"
EndProject
Project("{FAE04EC0-301F-11D3-BF4B-00C04F79EFBC}") = "LightBooksAgent.Workflows", "src\LightBooksAgent.Workflows\LightBooksAgent.Workflows.csproj", "{106F22FC-F3D4-45D6-A799-C321308E289A}"
EndProject
Project("{FAE04EC0-301F-11D3-BF4B-00C04F79EFBC}") = "LightBooksAgent.Infrastructure", "src\LightBooksAgent.Infrastructure\LightBooksAgent.Infrastructure.csproj", "{7D29C346-4308-4642-BE14-748696D7CF4F}"
EndProject
Project("{FAE04EC0-301F-11D3-BF4B-00C04F79EFBC}") = "LightBooksAgent.Web", "src\LightBooksAgent.Web\LightBooksAgent.Web.csproj", "{7DB75C67-CAA8-448B-87A5-389B8AA31554}"
EndProject
Project("{2150E333-8FDC-42A3-9474-1A3956D46DE8}") = "tests", "tests", "{0AB3BF05-4346-4AA6-1389-037BE0695223}"
EndProject
Project("{FAE04EC0-301F-11D3-BF4B-00C04F79EFBC}") = "LightBooksAgent.Core.Tests", "tests\LightBooksAgent.Core.Tests\LightBooksAgent.Core.Tests.csproj", "{1832FA56-373F-4F84-B3CC-EA169D53A165}"
EndProject
Project("{FAE04EC0-301F-11D3-BF4B-00C04F79EFBC}") = "LightBooksAgent.Workflows.Tests", "tests\LightBooksAgent.Workflows.Tests\LightBooksAgent.Workflows.Tests.csproj", "{00F6C6A8-E80E-42DD-9590-6C4A23D72338}"
EndProject
Global
	GlobalSection(SolutionConfigurationPlatforms) = preSolution
		Debug|Any CPU = Debug|Any CPU
		Debug|x64 = Debug|x64
		Debug|x86 = Debug|x86
		Release|Any CPU = Release|Any CPU
		Release|x64 = Release|x64
		Release|x86 = Release|x86
	EndGlobalSection
	GlobalSection(ProjectConfigurationPlatforms) = postSolution
		{F68FDE75-5CC2-42DF-9EAD-5E8E7CDE10F7}.Debug|Any CPU.ActiveCfg = Debug|Any CPU
		{F68FDE75-5CC2-42DF-9EAD-5E8E7CDE10F7}.Debug|Any CPU.Build.0 = Debug|Any CPU
		{F68FDE75-5CC2-42DF-9EAD-5E8E7CDE10F7}.Debug|x64.ActiveCfg = Debug|Any CPU
		{F68FDE75-5CC2-42DF-9EAD-5E8E7CDE10F7}.Debug|x64.Build.0 = Debug|Any CPU
		{F68FDE75-5CC2-42DF-9EAD-5E8E7CDE10F7}.Debug|x86.ActiveCfg = Debug|Any CPU
		{F68FDE75-5CC2-42DF-9EAD-5E8E7CDE10F7}.Debug|x86.Build.0 = Debug|Any CPU
		{F68FDE75-5CC2-42DF-9EAD-5E8E7CDE10F7}.Release|Any CPU.ActiveCfg = Release|Any CPU
		{F68FDE75-5CC2-42DF-9EAD-5E8E7CDE10F7}.Release|Any CPU.Build.0 = Release|Any CPU
		{F68FDE75-5CC2-42DF-9EAD-5E8E7CDE10F7}.Release|x64.ActiveCfg = Release|Any CPU
		{F68FDE75-5CC2-42DF-9EAD-5E8E7CDE10F7}.Release|x64.Build.0 = Release|Any CPU
		{F68FDE75-5CC2-42DF-9EAD-5E8E7CDE10F7}.Release|x86.ActiveCfg = Release|Any CPU
		{F68FDE75-5CC2-42DF-9EAD-5E8E7CDE10F7}.Release|x86.Build.0 = Release|Any CPU
		{C4564957-9661-49A2-9CBD-8CCCCAD20280}.Debug|Any CPU.ActiveCfg = Debug|Any CPU
		{C4564957-9661-49A2-9CBD-8CCCCAD20280}.Debug|Any CPU.Build.0 = Debug|Any CPU
		{C4564957-9661-49A2-9CBD-8CCCCAD20280}.Debug|x64.ActiveCfg = Debug|Any CPU
		{C4564957-9661-49A2-9CBD-8CCCCAD20280}.Debug|x64.Build.0 = Debug|Any CPU
		{C4564957-9661-49A2-9CBD-8CCCCAD20280}.Debug|x86.ActiveCfg = Debug|Any CPU
		{C4564957-9661-49A2-9CBD-8CCCCAD20280}.Debug|x86.Build.0 = Debug|Any CPU
		{C4564957-9661-49A2-9CBD-8CCCCAD20280}.Release|Any CPU.ActiveCfg = Release|Any CPU
		{C4564957-9661-49A2-9CBD-8CCCCAD20280}.Release|Any CPU.Build.0 = Release|Any CPU
		{C4564957-9661-49A2-9CBD-8CCCCAD20280}.Release|x64.ActiveCfg = Release|Any CPU
		{C4564957-9661-49A2-9CBD-8CCCCAD20280}.Release|x64.Build.0 = Release|Any CPU
		{C4564957-9661-49A2-9CBD-8CCCCAD20280}.Release|x86.ActiveCfg = Release|Any CPU
		{C4564957-9661-49A2-9CBD-8CCCCAD20280}.Release|x86.Build.0 = Release|Any CPU
		{35FB6A44-E2EB-4E5A-A8E3-2AB3E27CDD44}.Debug|Any CPU.ActiveCfg = Debug|Any CPU
		{35FB6A44-E2EB-4E5A-A8E3-2AB3E27CDD44}.Debug|Any CPU.Build.0 = Debug|Any CPU
		{35FB6A44-E2EB-4E5A-A8E3-2AB3E27CDD44}.Debug|x64.ActiveCfg = Debug|Any CPU
		{35FB6A44-E2EB-4E5A-A8E3-2AB3E27CDD44}.Debug|x64.Build.0 = Debug|Any CPU
		{35FB6A44-E2EB-4E5A-A8E3-2AB3E27CDD44}.Debug|x86.ActiveCfg = Debug|Any CPU
		{35FB6A44-E2EB-4E5A-A8E3-2AB3E27CDD44}.Debug|x86.Build.0 = Debug|Any CPU
		{35FB6A44-E2EB-4E5A-A8E3-2AB3E27CDD44}.Release|Any CPU.ActiveCfg = Release|Any CPU
		{35FB6A44-E2EB-4E5A-A8E3-2AB3E27CDD44}.Release|Any CPU.Build.0 = Release|Any CPU
		{35FB6A44-E2EB-4E5A-A8E3-2AB3E27CDD44}.Release|x64.ActiveCfg = Release|Any CPU
		{35FB6A44-E2EB-4E5A-A8E3-2AB3E27CDD44}.Release|x64.Build.0 = Release|Any CPU
		{35FB6A44-E2EB-4E5A-A8E3-2AB3E27CDD44}.Release|x86.ActiveCfg = Release|Any CPU
		{35FB6A44-E2EB-4E5A-A8E3-2AB3E27CDD44}.Release|x86.Build.0 = Release|Any CPU
		{106F22FC-F3D4-45D6-A799-C321308E289A}.Debug|Any CPU.ActiveCfg = Debug|Any CPU
		{106F22FC-F3D4-45D6-A799-C321308E289A}.Debug|Any CPU.Build.0 = Debug|Any CPU
		{106F22FC-F3D4-45D6-A799-C321308E289A}.Debug|x64.ActiveCfg = Debug|Any CPU
		{106F22FC-F3D4-45D6-A799-C321308E289A}.Debug|x64.Build.0 = Debug|Any CPU
		{106F22FC-F3D4-45D6-A799-C321308E289A}.Debug|x86.ActiveCfg = Debug|Any CPU
		{106F22FC-F3D4-45D6-A799-C321308E289A}.Debug|x86.Build.0 = Debug|Any CPU
		{106F22FC-F3D4-45D6-A799-C321308E289A}.Release|Any CPU.ActiveCfg = Release|Any CPU
		{106F22FC-F3D4-45D6-A799-C321308E289A}.Release|Any CPU.Build.0 = Release|Any CPU
		{106F22FC-F3D4-45D6-A799-C321308E289A}.Release|x64.ActiveCfg = Release|Any CPU
		{106F22FC-F3D4-45D6-A799-C321308E289A}.Release|x64.Build.0 = Release|Any CPU
		{106F22FC-F3D4-45D6-A799-C321308E289A}.Release|x86.ActiveCfg = Release|Any CPU
		{106F22FC-F3D4-45D6-A799-C321308E289A}.Release|x86.Build.0 = Release|Any CPU
		{7D29C346-4308-4642-BE14-748696D7CF4F}.Debug|Any CPU.ActiveCfg = Debug|Any CPU
		{7D29C346-4308-4642-BE14-748696D7CF4F}.Debug|Any CPU.Build.0 = Debug|Any CPU
		{7D29C346-4308-4642-BE14-748696D7CF4F}.Debug|x64.ActiveCfg = Debug|Any CPU
		{7D29C346-4308-4642-BE14-748696D7CF4F}.Debug|x64.Build.0 = Debug|Any CPU
		{7D29C346-4308-4642-BE14-748696D7CF4F}.Debug|x86.ActiveCfg = Debug|Any CPU
		{7D29C346-4308-4642-BE14-748696D7CF4F}.Debug|x86.Build.0 = Debug|Any CPU
		{7D29C346-4308-4642-BE14-748696D7CF4F}.Release|Any CPU.ActiveCfg = Release|Any CPU
		{7D29C346-4308-4642-BE14-748696D7CF4F}.Release|Any CPU.Build.0 = Release|Any CPU
		{7D29C346-4308-4642-BE14-748696D7CF4F}.Release|x64.ActiveCfg = Release|Any CPU
		{7D29C346-4308-4642-BE14-748696D7CF4F}.Release|x64.Build.0 = Release|Any CPU
		{7D29C346-4308-4642-BE14-748696D7CF4F}.Release|x86.ActiveCfg = Release|Any CPU
		{7D29C346-4308-4642-BE14-748696D7CF4F}.Release|x86.Build.0 = Release|Any CPU
		{7DB75C67-CAA8-448B-87A5-389B8AA31554}.Debug|Any CPU.ActiveCfg = Debug|Any CPU
		{7DB75C67-CAA8-448B-87A5-389B8AA31554}.Debug|Any CPU.Build.0 = Debug|Any CPU
		{7DB75C67-CAA8-448B-87A5-389B8AA31554}.Debug|x64.ActiveCfg = Debug|Any CPU
		{7DB75C67-CAA8-448B-87A5-389B8AA31554}.Debug|x64.Build.0 = Debug|Any CPU
		{7DB75C67-CAA8-448B-87A5-389B8AA31554}.Debug|x86.ActiveCfg = Debug|Any CPU
		{7DB75C67-CAA8-448B-87A5-389B8AA31554}.Debug|x86.Build.0 = Debug|Any CPU
		{7DB75C67-CAA8-448B-87A5-389B8AA31554}.Release|Any CPU.ActiveCfg = Release|Any CPU
		{7DB75C67-CAA8-448B-87A5-389B8AA31554}.Release|Any CPU.Build.0 = Release|Any CPU
		{7DB75C67-CAA8-448B-87A5-389B8AA31554}.Release|x64.ActiveCfg = Release|Any CPU
		{7DB75C67-CAA8-448B-87A5-389B8AA31554}.Release|x64.Build.0 = Release|Any CPU
		{7DB75C67-CAA8-448B-87A5-389B8AA31554}.Release|x86.ActiveCfg = Release|Any CPU
		{7DB75C67-CAA8-448B-87A5-389B8AA31554}.Release|x86.Build.0 = Release|Any CPU
		{1832FA56-373F-4F84-B3CC-EA169D53A165}.Debug|Any CPU.ActiveCfg = Debug|Any CPU
		{1832FA56-373F-4F84-B3CC-EA169D53A165}.Debug|Any CPU.Build.0 = Debug|Any CPU
		{1832FA56-373F-4F84-B3CC-EA169D53A165}.Debug|x64.ActiveCfg = Debug|Any CPU
		{1832FA56-373F-4F84-B3CC-EA169D53A165}.Debug|x64.Build.0 = Debug|Any CPU
		{1832FA56-373F-4F84-B3CC-EA169D53A165}.Debug|x86.ActiveCfg = Debug|Any CPU
		{1832FA56-373F-4F84-B3CC-EA169D53A165}.Debug|x86.Build.0 = Debug|Any CPU
		{1832FA56-373F-4F84-B3CC-EA169D53A165}.Release|Any CPU.ActiveCfg = Release|Any CPU
		{1832FA56-373F-4F84-B3CC-EA169D53A165}.Release|Any CPU.Build.0 = Release|Any CPU
		{1832FA56-373F-4F84-B3CC-EA169D53A165}.Release|x64.ActiveCfg = Release|Any CPU
		{1832FA56-373F-4F84-B3CC-EA169D53A165}.Release|x64.Build.0 = Release|Any CPU
		{1832FA56-373F-4F84-B3CC-EA169D53A165}.Release|x86.ActiveCfg = Release|Any CPU
		{1832FA56-373F-4F84-B3CC-EA169D53A165}.Release|x86.Build.0 = Release|Any CPU
		{00F6C6A8-E80E-42DD-9590-6C4A23D72338}.Debug|Any CPU.ActiveCfg = Debug|Any CPU
		{00F6C6A8-E80E-42DD-9590-6C4A23D72338}.Debug|Any CPU.Build.0 = Debug|Any CPU
		{00F6C6A8-E80E-42DD-9590-6C4A23D72338}.Debug|x64.ActiveCfg = Debug|Any CPU
		{00F6C6A8-E80E-42DD-9590-6C4A23D72338}.Debug|x64.Build.0 = Debug|Any CPU
		{00F6C6A8-E80E-42DD-9590-6C4A23D72338}.Debug|x86.ActiveCfg = Debug|Any CPU
		{00F6C6A8-E80E-42DD-9590-6C4A23D72338}.Debug|x86.Build.0 = Debug|Any CPU
		{00F6C6A8-E80E-42DD-9590-6C4A23D72338}.Release|Any CPU.ActiveCfg = Release|Any CPU
		{00F6C6A8-E80E-42DD-9590-6C4A23D72338}.Release|Any CPU.Build.0 = Release|Any CPU
		{00F6C6A8-E80E-42DD-9590-6C4A23D72338}.Release|x64.ActiveCfg = Release|Any CPU
		{00F6C6A8-E80E-42DD-9590-6C4A23D72338}.Release|x64.Build.0 = Release|Any CPU
		{00F6C6A8-E80E-42DD-9590-6C4A23D72338}.Release|x86.ActiveCfg = Release|Any CPU
		{00F6C6A8-E80E-42DD-9590-6C4A23D72338}.Release|x86.Build.0 = Release|Any CPU
	EndGlobalSection
	GlobalSection(SolutionProperties) = preSolution
		HideSolutionNode = FALSE
	EndGlobalSection
	GlobalSection(NestedProjects) = preSolution
		{F68FDE75-5CC2-42DF-9EAD-5E8E7CDE10F7} = {827E0CD3-B72D-47B6-A68D-7590B98EB39B}
		{C4564957-9661-49A2-9CBD-8CCCCAD20280} = {827E0CD3-B72D-47B6-A68D-7590B98EB39B}
		{35FB6A44-E2EB-4E5A-A8E3-2AB3E27CDD44} = {827E0CD3-B72D-47B6-A68D-7590B98EB39B}
		{106F22FC-F3D4-45D6-A799-C321308E289A} = {827E0CD3-B72D-47B6-A68D-7590B98EB39B}
		{7D29C346-4308-4642-BE14-748696D7CF4F} = {827E0CD3-B72D-47B6-A68D-7590B98EB39B}
		{7DB75C67-CAA8-448B-87A5-389B8AA31554} = {827E0CD3-B72D-47B6-A68D-7590B98EB39B}
		{1832FA56-373F-4F84-B3CC-EA169D53A165} = {0AB3BF05-4346-4AA6-1389-037BE0695223}
		{00F6C6A8-E80E-42DD-9590-6C4A23D72338} = {0AB3BF05-4346-4AA6-1389-037BE0695223}
	EndGlobalSection
EndGlobal
